
Microsoft Visual Studio Solution File, Format Version 12.00
# Visual Studio Version 16
VisualStudioVersion = 16.0.30225.117
MinimumVisualStudioVersion = 10.0.40219.1
Project("{2150E333-8FDC-42A3-9474-1A3956D46DE8}") = "src", "src", "{152F66D6-3B87-493D-906F-301633E4FF78}"
EndProject
Project("{2150E333-8FDC-42A3-9474-1A3956D46DE8}") = "tests", "tests", "{23D8C18B-C27E-472C-A527-C57B51632E03}"
EndProject
Project("{FAE04EC0-301F-11D3-BF4B-00C04F79EFBC}") = "SESUM.VisualNetUse.UI", "SESUM.VisualNetUse.UI\SESUM.VisualNetUse.UI.csproj", "{F8AD5462-71A6-4951-833F-71DB19026ED0}"
EndProject
Project("{2150E333-8FDC-42A3-9474-1A3956D46DE8}") = "docs", "docs", "{A9EB4AC4-B2C2-4622-BBD4-3F62754502BE}"
	ProjectSection(SolutionItems) = preProject
		..\..\..\Documents\Mockup VisualNetUse.pptx = ..\..\..\Documents\Mockup VisualNetUse.pptx
	EndProjectSection
EndProject
Global
	GlobalSection(SolutionConfigurationPlatforms) = preSolution
		Debug|Any CPU = Debug|Any CPU
		Release|Any CPU = Release|Any CPU
	EndGlobalSection
	GlobalSection(ProjectConfigurationPlatforms) = postSolution
		{F8AD5462-71A6-4951-833F-71DB19026ED0}.Debug|Any CPU.ActiveCfg = Debug|Any CPU
		{F8AD5462-71A6-4951-833F-71DB19026ED0}.Debug|Any CPU.Build.0 = Debug|Any CPU
		{F8AD5462-71A6-4951-833F-71DB19026ED0}.Release|Any CPU.ActiveCfg = Release|Any CPU
		{F8AD5462-71A6-4951-833F-71DB19026ED0}.Release|Any CPU.Build.0 = Release|Any CPU
	EndGlobalSection
	GlobalSection(SolutionProperties) = preSolution
		HideSolutionNode = FALSE
	EndGlobalSection
	GlobalSection(NestedProjects) = preSolution
		{F8AD5462-71A6-4951-833F-71DB19026ED0} = {152F66D6-3B87-493D-906F-301633E4FF78}
	EndGlobalSection
	GlobalSection(ExtensibilityGlobals) = postSolution
		SolutionGuid = {924E135C-ED55-4AE0-9A32-C7134ECC4CED}
	EndGlobalSection
EndGlobal
